// !$*UTF8*$!
{
	archiveVersion = 1;
	classes = {
	};
	objectVersion = 56;
	objects = {

/* Begin PBXBuildFile section */
		9B28C8B129B832620048A9B4 /* BTree.swift in Sources */ = {isa = PBXBuildFile; fileRef = 9B28C8B029B832620048A9B4 /* BTree.swift */; };
		9B7195D12922667F008D3F99 /* main.swift in Sources */ = {isa = PBXBuildFile; fileRef = 9B7195D02922667F008D3F99 /* main.swift */; };
		9B7195D829226755008D3F99 /* Bag.swift in Sources */ = {isa = PBXBuildFile; fileRef = 9B7195D729226755008D3F99 /* Bag.swift */; };
		9B7195DA29226834008D3F99 /* Queue.swift in Sources */ = {isa = PBXBuildFile; fileRef = 9B7195D929226834008D3F99 /* Queue.swift */; };
		9B7195DC292268E4008D3F99 /* Stack.swift in Sources */ = {isa = PBXBuildFile; fileRef = 9B7195DB292268E4008D3F99 /* Stack.swift */; };
		9B7195DE29227878008D3F99 /* List.swift in Sources */ = {isa = PBXBuildFile; fileRef = 9B7195DD29227878008D3F99 /* List.swift */; };
		9B7195E429235862008D3F99 /* Timer.swift in Sources */ = {isa = PBXBuildFile; fileRef = 9B7195E329235862008D3F99 /* Timer.swift */; };
		9B7195E6292385CB008D3F99 /* UnionFind.swift in Sources */ = {isa = PBXBuildFile; fileRef = 9B7195E5292385CB008D3F99 /* UnionFind.swift */; };
		9B7195E92923C568008D3F99 /* Sort.swift in Sources */ = {isa = PBXBuildFile; fileRef = 9B7195E82923C568008D3F99 /* Sort.swift */; };
		9B7195EB2923C8E0008D3F99 /* SelectionSort.swift in Sources */ = {isa = PBXBuildFile; fileRef = 9B7195EA2923C8E0008D3F99 /* SelectionSort.swift */; };
		9B7195ED2923D4F1008D3F99 /* InsertionSort.swift in Sources */ = {isa = PBXBuildFile; fileRef = 9B7195EC2923D4F1008D3F99 /* InsertionSort.swift */; };
		9B7195EF2923F514008D3F99 /* ShellSort.swift in Sources */ = {isa = PBXBuildFile; fileRef = 9B7195EE2923F514008D3F99 /* ShellSort.swift */; };
		9B7195F32924794B008D3F99 /* MergeSort.swift in Sources */ = {isa = PBXBuildFile; fileRef = 9B7195F22924794B008D3F99 /* MergeSort.swift */; };
		9B7195F629250802008D3F99 /* QuickSort.swift in Sources */ = {isa = PBXBuildFile; fileRef = 9B7195F529250802008D3F99 /* QuickSort.swift */; };
		9B7195F929260795008D3F99 /* PriorityQueue.swift in Sources */ = {isa = PBXBuildFile; fileRef = 9B7195F829260795008D3F99 /* PriorityQueue.swift */; };
		9B7195FB29260DEF008D3F99 /* Heap.swift in Sources */ = {isa = PBXBuildFile; fileRef = 9B7195FA29260DEF008D3F99 /* Heap.swift */; };
		9B71960129266923008D3F99 /* HeapSort.swift in Sources */ = {isa = PBXBuildFile; fileRef = 9B71960029266923008D3F99 /* HeapSort.swift */; };
		9B71960529272906008D3F99 /* SymbolTable.swift in Sources */ = {isa = PBXBuildFile; fileRef = 9B71960429272906008D3F99 /* SymbolTable.swift */; };
		9B88434E292F21FF0062D99C /* HashTable.swift in Sources */ = {isa = PBXBuildFile; fileRef = 9B88434D292F21FF0062D99C /* HashTable.swift */; };
		9B884352293207010062D99C /* Graph.swift in Sources */ = {isa = PBXBuildFile; fileRef = 9B884351293207010062D99C /* Graph.swift */; };
		9B88435429324E1B0062D99C /* DepthFirstSearch.swift in Sources */ = {isa = PBXBuildFile; fileRef = 9B88435329324E1B0062D99C /* DepthFirstSearch.swift */; };
		9B88435629324E3E0062D99C /* BreadthFirstSearch.swift in Sources */ = {isa = PBXBuildFile; fileRef = 9B88435529324E3E0062D99C /* BreadthFirstSearch.swift */; };
		9B88435929333DC50062D99C /* Digraph.swift in Sources */ = {isa = PBXBuildFile; fileRef = 9B88435829333DC50062D99C /* Digraph.swift */; };
		9B88435E293C897E0062D99C /* MinimumSpanningTree.swift in Sources */ = {isa = PBXBuildFile; fileRef = 9B88435D293C897E0062D99C /* MinimumSpanningTree.swift */; };
		9B884361293DF08F0062D99C /* ShortestPath.swift in Sources */ = {isa = PBXBuildFile; fileRef = 9B884360293DF08F0062D99C /* ShortestPath.swift */; };
/* End PBXBuildFile section */

/* Begin PBXCopyFilesBuildPhase section */
		9B7195CB2922667F008D3F99 /* CopyFiles */ = {
			isa = PBXCopyFilesBuildPhase;
			buildActionMask = 2147483647;
			dstPath = /usr/share/man/man1/;
			dstSubfolderSpec = 0;
			files = (
			);
			runOnlyForDeploymentPostprocessing = 1;
		};
/* End PBXCopyFilesBuildPhase section */

/* Begin PBXFileReference section */
		9B28C8B029B832620048A9B4 /* BTree.swift */ = {isa = PBXFileReference; lastKnownFileType = sourcecode.swift; path = BTree.swift; sourceTree = "<group>"; };
		9B7195CD2922667F008D3F99 /* Algorithms */ = {isa = PBXFileReference; explicitFileType = "compiled.mach-o.executable"; includeInIndex = 0; path = Algorithms; sourceTree = BUILT_PRODUCTS_DIR; };
		9B7195D02922667F008D3F99 /* main.swift */ = {isa = PBXFileReference; lastKnownFileType = sourcecode.swift; path = main.swift; sourceTree = "<group>"; };
		9B7195D729226755008D3F99 /* Bag.swift */ = {isa = PBXFileReference; lastKnownFileType = sourcecode.swift; path = Bag.swift; sourceTree = "<group>"; };
		9B7195D929226834008D3F99 /* Queue.swift */ = {isa = PBXFileReference; lastKnownFileType = sourcecode.swift; path = Queue.swift; sourceTree = "<group>"; };
		9B7195DB292268E4008D3F99 /* Stack.swift */ = {isa = PBXFileReference; lastKnownFileType = sourcecode.swift; path = Stack.swift; sourceTree = "<group>"; };
		9B7195DD29227878008D3F99 /* List.swift */ = {isa = PBXFileReference; lastKnownFileType = sourcecode.swift; path = List.swift; sourceTree = "<group>"; };
		9B7195E329235862008D3F99 /* Timer.swift */ = {isa = PBXFileReference; lastKnownFileType = sourcecode.swift; path = Timer.swift; sourceTree = "<group>"; };
		9B7195E5292385CB008D3F99 /* UnionFind.swift */ = {isa = PBXFileReference; lastKnownFileType = sourcecode.swift; path = UnionFind.swift; sourceTree = "<group>"; };
		9B7195E82923C568008D3F99 /* Sort.swift */ = {isa = PBXFileReference; lastKnownFileType = sourcecode.swift; path = Sort.swift; sourceTree = "<group>"; };
		9B7195EA2923C8E0008D3F99 /* SelectionSort.swift */ = {isa = PBXFileReference; lastKnownFileType = sourcecode.swift; path = SelectionSort.swift; sourceTree = "<group>"; };
		9B7195EC2923D4F1008D3F99 /* InsertionSort.swift */ = {isa = PBXFileReference; lastKnownFileType = sourcecode.swift; path = InsertionSort.swift; sourceTree = "<group>"; };
		9B7195EE2923F514008D3F99 /* ShellSort.swift */ = {isa = PBXFileReference; lastKnownFileType = sourcecode.swift; path = ShellSort.swift; sourceTree = "<group>"; };
		9B7195F22924794B008D3F99 /* MergeSort.swift */ = {isa = PBXFileReference; lastKnownFileType = sourcecode.swift; path = MergeSort.swift; sourceTree = "<group>"; };
		9B7195F529250802008D3F99 /* QuickSort.swift */ = {isa = PBXFileReference; lastKnownFileType = sourcecode.swift; path = QuickSort.swift; sourceTree = "<group>"; };
		9B7195F829260795008D3F99 /* PriorityQueue.swift */ = {isa = PBXFileReference; lastKnownFileType = sourcecode.swift; path = PriorityQueue.swift; sourceTree = "<group>"; };
		9B7195FA29260DEF008D3F99 /* Heap.swift */ = {isa = PBXFileReference; lastKnownFileType = sourcecode.swift; path = Heap.swift; sourceTree = "<group>"; };
		9B71960029266923008D3F99 /* HeapSort.swift */ = {isa = PBXFileReference; lastKnownFileType = sourcecode.swift; path = HeapSort.swift; sourceTree = "<group>"; };
		9B71960429272906008D3F99 /* SymbolTable.swift */ = {isa = PBXFileReference; lastKnownFileType = sourcecode.swift; path = SymbolTable.swift; sourceTree = "<group>"; };
		9B88434D292F21FF0062D99C /* HashTable.swift */ = {isa = PBXFileReference; lastKnownFileType = sourcecode.swift; path = HashTable.swift; sourceTree = "<group>"; };
		9B884351293207010062D99C /* Graph.swift */ = {isa = PBXFileReference; lastKnownFileType = sourcecode.swift; path = Graph.swift; sourceTree = "<group>"; };
		9B88435329324E1B0062D99C /* DepthFirstSearch.swift */ = {isa = PBXFileReference; lastKnownFileType = sourcecode.swift; path = DepthFirstSearch.swift; sourceTree = "<group>"; };
		9B88435529324E3E0062D99C /* BreadthFirstSearch.swift */ = {isa = PBXFileReference; lastKnownFileType = sourcecode.swift; path = BreadthFirstSearch.swift; sourceTree = "<group>"; };
		9B88435829333DC50062D99C /* Digraph.swift */ = {isa = PBXFileReference; lastKnownFileType = sourcecode.swift; path = Digraph.swift; sourceTree = "<group>"; };
		9B88435D293C897E0062D99C /* MinimumSpanningTree.swift */ = {isa = PBXFileReference; lastKnownFileType = sourcecode.swift; path = MinimumSpanningTree.swift; sourceTree = "<group>"; };
		9B884360293DF08F0062D99C /* ShortestPath.swift */ = {isa = PBXFileReference; lastKnownFileType = sourcecode.swift; path = ShortestPath.swift; sourceTree = "<group>"; };
/* End PBXFileReference section */

/* Begin PBXFrameworksBuildPhase section */
		9B7195CA2922667F008D3F99 /* Frameworks */ = {
			isa = PBXFrameworksBuildPhase;
			buildActionMask = 2147483647;
			files = (
			);
			runOnlyForDeploymentPostprocessing = 0;
		};
/* End PBXFrameworksBuildPhase section */

/* Begin PBXGroup section */
		9B7195C42922667F008D3F99 = {
			isa = PBXGroup;
			children = (
				9B7195CF2922667F008D3F99 /* Algorithms */,
				9B7195CE2922667F008D3F99 /* Products */,
			);
			sourceTree = "<group>";
		};
		9B7195CE2922667F008D3F99 /* Products */ = {
			isa = PBXGroup;
			children = (
				9B7195CD2922667F008D3F99 /* Algorithms */,
			);
			name = Products;
			sourceTree = "<group>";
		};
		9B7195CF2922667F008D3F99 /* Algorithms */ = {
			isa = PBXGroup;
			children = (
				9B7195D02922667F008D3F99 /* main.swift */,
				9B7195DF2922791F008D3F99 /* BasicDataStructer */,
				9B7195E029228B2D008D3F99 /* Tools */,
				9B7195E72923C466008D3F99 /* Sort */,
				9B719602292727AD008D3F99 /* Find */,
				9B88434F2932066F0062D99C /* Map */,
			);
			path = Algorithms;
			sourceTree = "<group>";
		};
		9B7195DF2922791F008D3F99 /* BasicDataStructer */ = {
			isa = PBXGroup;
			children = (
				9B7195DD29227878008D3F99 /* List.swift */,
				9B7195D729226755008D3F99 /* Bag.swift */,
				9B7195D929226834008D3F99 /* Queue.swift */,
				9B7195DB292268E4008D3F99 /* Stack.swift */,
				9B7195FA29260DEF008D3F99 /* Heap.swift */,
			);
			path = BasicDataStructer;
			sourceTree = "<group>";
		};
		9B7195E029228B2D008D3F99 /* Tools */ = {
			isa = PBXGroup;
			children = (
				9B7195E329235862008D3F99 /* Timer.swift */,
			);
			path = Tools;
			sourceTree = "<group>";
		};
		9B7195E72923C466008D3F99 /* Sort */ = {
			isa = PBXGroup;
			children = (
				9B7195E82923C568008D3F99 /* Sort.swift */,
				9B7195EA2923C8E0008D3F99 /* SelectionSort.swift */,
				9B7195EC2923D4F1008D3F99 /* InsertionSort.swift */,
				9B7195EE2923F514008D3F99 /* ShellSort.swift */,
				9B7195F22924794B008D3F99 /* MergeSort.swift */,
				9B7195F529250802008D3F99 /* QuickSort.swift */,
				9B7195F829260795008D3F99 /* PriorityQueue.swift */,
				9B71960029266923008D3F99 /* HeapSort.swift */,
			);
			path = Sort;
			sourceTree = "<group>";
		};
		9B719602292727AD008D3F99 /* Find */ = {
			isa = PBXGroup;
			children = (
				9B71960429272906008D3F99 /* SymbolTable.swift */,
				9B28C8B029B832620048A9B4 /* BTree.swift */,
				9B88434D292F21FF0062D99C /* HashTable.swift */,
			);
			path = Find;
			sourceTree = "<group>";
		};
		9B88434F2932066F0062D99C /* Map */ = {
			isa = PBXGroup;
			children = (
				9B7195E5292385CB008D3F99 /* UnionFind.swift */,
				9B884351293207010062D99C /* Graph.swift */,
				9B88435329324E1B0062D99C /* DepthFirstSearch.swift */,
				9B88435529324E3E0062D99C /* BreadthFirstSearch.swift */,
				9B88435829333DC50062D99C /* Digraph.swift */,
				9B88435D293C897E0062D99C /* MinimumSpanningTree.swift */,
				9B884360293DF08F0062D99C /* ShortestPath.swift */,
			);
			path = Map;
			sourceTree = "<group>";
		};
/* End PBXGroup section */

/* Begin PBXNativeTarget section */
		9B7195CC2922667F008D3F99 /* Algorithms */ = {
			isa = PBXNativeTarget;
			buildConfigurationList = 9B7195D42922667F008D3F99 /* Build configuration list for PBXNativeTarget "Algorithms" */;
			buildPhases = (
				9B7195C92922667F008D3F99 /* Sources */,
				9B7195CA2922667F008D3F99 /* Frameworks */,
				9B7195CB2922667F008D3F99 /* CopyFiles */,
			);
			buildRules = (
			);
			dependencies = (
			);
			name = Algorithms;
			productName = Algorithms;
			productReference = 9B7195CD2922667F008D3F99 /* Algorithms */;
			productType = "com.apple.product-type.tool";
		};
/* End PBXNativeTarget section */

/* Begin PBXProject section */
		9B7195C52922667F008D3F99 /* Project object */ = {
			isa = PBXProject;
			attributes = {
				BuildIndependentTargetsInParallel = 1;
				LastSwiftUpdateCheck = 1400;
				LastUpgradeCheck = 1400;
				TargetAttributes = {
					9B7195CC2922667F008D3F99 = {
						CreatedOnToolsVersion = 14.0;
					};
				};
			};
			buildConfigurationList = 9B7195C82922667F008D3F99 /* Build configuration list for PBXProject "Algorithms" */;
			compatibilityVersion = "Xcode 14.0";
			developmentRegion = en;
			hasScannedForEncodings = 0;
			knownRegions = (
				en,
				Base,
			);
			mainGroup = 9B7195C42922667F008D3F99;
			productRefGroup = 9B7195CE2922667F008D3F99 /* Products */;
			projectDirPath = "";
			projectRoot = "";
			targets = (
				9B7195CC2922667F008D3F99 /* Algorithms */,
			);
		};
/* End PBXProject section */

/* Begin PBXSourcesBuildPhase section */
		9B7195C92922667F008D3F99 /* Sources */ = {
			isa = PBXSourcesBuildPhase;
			buildActionMask = 2147483647;
			files = (
				9B7195F32924794B008D3F99 /* MergeSort.swift in Sources */,
				9B7195DC292268E4008D3F99 /* Stack.swift in Sources */,
				9B7195F929260795008D3F99 /* PriorityQueue.swift in Sources */,
				9B71960129266923008D3F99 /* HeapSort.swift in Sources */,
				9B7195FB29260DEF008D3F99 /* Heap.swift in Sources */,
				9B88435629324E3E0062D99C /* BreadthFirstSearch.swift in Sources */,
				9B884361293DF08F0062D99C /* ShortestPath.swift in Sources */,
				9B7195D829226755008D3F99 /* Bag.swift in Sources */,
				9B7195F629250802008D3F99 /* QuickSort.swift in Sources */,
				9B7195E92923C568008D3F99 /* Sort.swift in Sources */,
				9B88435929333DC50062D99C /* Digraph.swift in Sources */,
				9B7195E429235862008D3F99 /* Timer.swift in Sources */,
				9B7195EB2923C8E0008D3F99 /* SelectionSort.swift in Sources */,
				9B28C8B129B832620048A9B4 /* BTree.swift in Sources */,
				9B88435E293C897E0062D99C /* MinimumSpanningTree.swift in Sources */,
				9B7195EF2923F514008D3F99 /* ShellSort.swift in Sources */,
				9B71960529272906008D3F99 /* SymbolTable.swift in Sources */,
				9B88435429324E1B0062D99C /* DepthFirstSearch.swift in Sources */,
				9B7195E6292385CB008D3F99 /* UnionFind.swift in Sources */,
				9B7195DA29226834008D3F99 /* Queue.swift in Sources */,
				9B7195ED2923D4F1008D3F99 /* InsertionSort.swift in Sources */,
				9B7195DE29227878008D3F99 /* List.swift in Sources */,
				9B88434E292F21FF0062D99C /* HashTable.swift in Sources */,
				9B884352293207010062D99C /* Graph.swift in Sources */,
				9B7195D12922667F008D3F99 /* main.swift in Sources */,
			);
			runOnlyForDeploymentPostprocessing = 0;
		};
/* End PBXSourcesBuildPhase section */

/* Begin XCBuildConfiguration section */
		9B7195D22922667F008D3F99 /* Debug */ = {
			isa = XCBuildConfiguration;
			buildSettings = {
				ALWAYS_SEARCH_USER_PATHS = NO;
				CLANG_ANALYZER_NONNULL = YES;
				CLANG_ANALYZER_NUMBER_OBJECT_CONVERSION = YES_AGGRESSIVE;
				CLANG_CXX_LANGUAGE_STANDARD = "gnu++20";
				CLANG_ENABLE_MODULES = YES;
				CLANG_ENABLE_OBJC_ARC = YES;
				CLANG_ENABLE_OBJC_WEAK = YES;
				CLANG_WARN_BLOCK_CAPTURE_AUTORELEASING = YES;
				CLANG_WARN_BOOL_CONVERSION = YES;
				CLANG_WARN_COMMA = YES;
				CLANG_WARN_CONSTANT_CONVERSION = YES;
				CLANG_WARN_DEPRECATED_OBJC_IMPLEMENTATIONS = YES;
				CLANG_WARN_DIRECT_OBJC_ISA_USAGE = YES_ERROR;
				CLANG_WARN_DOCUMENTATION_COMMENTS = YES;
				CLANG_WARN_EMPTY_BODY = YES;
				CLANG_WARN_ENUM_CONVERSION = YES;
				CLANG_WARN_INFINITE_RECURSION = YES;
				CLANG_WARN_INT_CONVERSION = YES;
				CLANG_WARN_NON_LITERAL_NULL_CONVERSION = YES;
				CLANG_WARN_OBJC_IMPLICIT_RETAIN_SELF = YES;
				CLANG_WARN_OBJC_LITERAL_CONVERSION = YES;
				CLANG_WARN_OBJC_ROOT_CLASS = YES_ERROR;
				CLANG_WARN_QUOTED_INCLUDE_IN_FRAMEWORK_HEADER = YES;
				CLANG_WARN_RANGE_LOOP_ANALYSIS = YES;
				CLANG_WARN_STRICT_PROTOTYPES = YES;
				CLANG_WARN_SUSPICIOUS_MOVE = YES;
				CLANG_WARN_UNGUARDED_AVAILABILITY = YES_AGGRESSIVE;
				CLANG_WARN_UNREACHABLE_CODE = YES;
				CLANG_WARN__DUPLICATE_METHOD_MATCH = YES;
				COPY_PHASE_STRIP = NO;
				DEBUG_INFORMATION_FORMAT = dwarf;
				ENABLE_STRICT_OBJC_MSGSEND = YES;
				ENABLE_TESTABILITY = YES;
				GCC_C_LANGUAGE_STANDARD = gnu11;
				GCC_DYNAMIC_NO_PIC = NO;
				GCC_NO_COMMON_BLOCKS = YES;
				GCC_OPTIMIZATION_LEVEL = 0;
				GCC_PREPROCESSOR_DEFINITIONS = (
					"DEBUG=1",
					"$(inherited)",
				);
				GCC_WARN_64_TO_32_BIT_CONVERSION = YES;
				GCC_WARN_ABOUT_RETURN_TYPE = YES_ERROR;
				GCC_WARN_UNDECLARED_SELECTOR = YES;
				GCC_WARN_UNINITIALIZED_AUTOS = YES_AGGRESSIVE;
				GCC_WARN_UNUSED_FUNCTION = YES;
				GCC_WARN_UNUSED_VARIABLE = YES;
				MACOSX_DEPLOYMENT_TARGET = 12.3;
				MTL_ENABLE_DEBUG_INFO = INCLUDE_SOURCE;
				MTL_FAST_MATH = YES;
				ONLY_ACTIVE_ARCH = YES;
				SDKROOT = macosx;
				SWIFT_ACTIVE_COMPILATION_CONDITIONS = DEBUG;
				SWIFT_OPTIMIZATION_LEVEL = "-Onone";
			};
			name = Debug;
		};
		9B7195D32922667F008D3F99 /* Release */ = {
			isa = XCBuildConfiguration;
			buildSettings = {
				ALWAYS_SEARCH_USER_PATHS = NO;
				CLANG_ANALYZER_NONNULL = YES;
				CLANG_ANALYZER_NUMBER_OBJECT_CONVERSION = YES_AGGRESSIVE;
				CLANG_CXX_LANGUAGE_STANDARD = "gnu++20";
				CLANG_ENABLE_MODULES = YES;
				CLANG_ENABLE_OBJC_ARC = YES;
				CLANG_ENABLE_OBJC_WEAK = YES;
				CLANG_WARN_BLOCK_CAPTURE_AUTORELEASING = YES;
				CLANG_WARN_BOOL_CONVERSION = YES;
				CLANG_WARN_COMMA = YES;
				CLANG_WARN_CONSTANT_CONVERSION = YES;
				CLANG_WARN_DEPRECATED_OBJC_IMPLEMENTATIONS = YES;
				CLANG_WARN_DIRECT_OBJC_ISA_USAGE = YES_ERROR;
				CLANG_WARN_DOCUMENTATION_COMMENTS = YES;
				CLANG_WARN_EMPTY_BODY = YES;
				CLANG_WARN_ENUM_CONVERSION = YES;
				CLANG_WARN_INFINITE_RECURSION = YES;
				CLANG_WARN_INT_CONVERSION = YES;
				CLANG_WARN_NON_LITERAL_NULL_CONVERSION = YES;
				CLANG_WARN_OBJC_IMPLICIT_RETAIN_SELF = YES;
				CLANG_WARN_OBJC_LITERAL_CONVERSION = YES;
				CLANG_WARN_OBJC_ROOT_CLASS = YES_ERROR;
				CLANG_WARN_QUOTED_INCLUDE_IN_FRAMEWORK_HEADER = YES;
				CLANG_WARN_RANGE_LOOP_ANALYSIS = YES;
				CLANG_WARN_STRICT_PROTOTYPES = YES;
				CLANG_WARN_SUSPICIOUS_MOVE = YES;
				CLANG_WARN_UNGUARDED_AVAILABILITY = YES_AGGRESSIVE;
				CLANG_WARN_UNREACHABLE_CODE = YES;
				CLANG_WARN__DUPLICATE_METHOD_MATCH = YES;
				COPY_PHASE_STRIP = NO;
				DEBUG_INFORMATION_FORMAT = "dwarf-with-dsym";
				ENABLE_NS_ASSERTIONS = NO;
				ENABLE_STRICT_OBJC_MSGSEND = YES;
				GCC_C_LANGUAGE_STANDARD = gnu11;
				GCC_NO_COMMON_BLOCKS = YES;
				GCC_WARN_64_TO_32_BIT_CONVERSION = YES;
				GCC_WARN_ABOUT_RETURN_TYPE = YES_ERROR;
				GCC_WARN_UNDECLARED_SELECTOR = YES;
				GCC_WARN_UNINITIALIZED_AUTOS = YES_AGGRESSIVE;
				GCC_WARN_UNUSED_FUNCTION = YES;
				GCC_WARN_UNUSED_VARIABLE = YES;
				MACOSX_DEPLOYMENT_TARGET = 12.3;
				MTL_ENABLE_DEBUG_INFO = NO;
				MTL_FAST_MATH = YES;
				SDKROOT = macosx;
				SWIFT_COMPILATION_MODE = wholemodule;
				SWIFT_OPTIMIZATION_LEVEL = "-O";
			};
			name = Release;
		};
		9B7195D52922667F008D3F99 /* Debug */ = {
			isa = XCBuildConfiguration;
			buildSettings = {
				"CODE_SIGN_IDENTITY[sdk=macosx*]" = "-";
				CODE_SIGN_STYLE = Automatic;
				DEVELOPMENT_TEAM = 83N97B9S8K;
				ENABLE_HARDENED_RUNTIME = YES;
				PRODUCT_NAME = "$(TARGET_NAME)";
				SWIFT_VERSION = 5.0;
			};
			name = Debug;
		};
		9B7195D62922667F008D3F99 /* Release */ = {
			isa = XCBuildConfiguration;
			buildSettings = {
				"CODE_SIGN_IDENTITY[sdk=macosx*]" = "-";
				CODE_SIGN_STYLE = Automatic;
				DEVELOPMENT_TEAM = 83N97B9S8K;
				ENABLE_HARDENED_RUNTIME = YES;
				PRODUCT_NAME = "$(TARGET_NAME)";
				SWIFT_VERSION = 5.0;
			};
			name = Release;
		};
/* End XCBuildConfiguration section */

/* Begin XCConfigurationList section */
		9B7195C82922667F008D3F99 /* Build configuration list for PBXProject "Algorithms" */ = {
			isa = XCConfigurationList;
			buildConfigurations = (
				9B7195D22922667F008D3F99 /* Debug */,
				9B7195D32922667F008D3F99 /* Release */,
			);
			defaultConfigurationIsVisible = 0;
			defaultConfigurationName = Release;
		};
		9B7195D42922667F008D3F99 /* Build configuration list for PBXNativeTarget "Algorithms" */ = {
			isa = XCConfigurationList;
			buildConfigurations = (
				9B7195D52922667F008D3F99 /* Debug */,
				9B7195D62922667F008D3F99 /* Release */,
			);
			defaultConfigurationIsVisible = 0;
			defaultConfigurationName = Release;
		};
/* End XCConfigurationList section */
	};
	rootObject = 9B7195C52922667F008D3F99 /* Project object */;
}
